
Microsoft Visual Studio Solution File, Format Version 12.00
# Visual Studio 15
VisualStudioVersion = 15.0.28307.1831
MinimumVisualStudioVersion = 10.0.40219.1
Project("{9A19103F-16F7-4668-BE54-9A1E7A4F7556}") = "FlightOptimizerManager", "FlightOptimizerManager\FlightOptimizerManager.csproj", "{C20137A4-9E7B-46CB-837B-9EA3E30FFD05}"
EndProject
Project("{9A19103F-16F7-4668-BE54-9A1E7A4F7556}") = "FlightOptimizerManagerTest", "FlightOptimizerManagerTest\FlightOptimizerManagerTest.csproj", "{C40C69A1-CCCF-44E4-8725-DB2497209F6B}"
EndProject
Project("{9A19103F-16F7-4668-BE54-9A1E7A4F7556}") = "FlightOptimizerManagerService", "FlightOptimizerManagerService\FlightOptimizerManagerService.csproj", "{FC377786-B7EC-40A6-A08A-B8F8B3314F4A}"
EndProject
Global
	GlobalSection(SolutionConfigurationPlatforms) = preSolution
		Debug|Any CPU = Debug|Any CPU
		Release|Any CPU = Release|Any CPU
	EndGlobalSection
	GlobalSection(ProjectConfigurationPlatforms) = postSolution
		{C20137A4-9E7B-46CB-837B-9EA3E30FFD05}.Debug|Any CPU.ActiveCfg = Debug|Any CPU
		{C20137A4-9E7B-46CB-837B-9EA3E30FFD05}.Debug|Any CPU.Build.0 = Debug|Any CPU
		{C20137A4-9E7B-46CB-837B-9EA3E30FFD05}.Release|Any CPU.ActiveCfg = Release|Any CPU
		{C20137A4-9E7B-46CB-837B-9EA3E30FFD05}.Release|Any CPU.Build.0 = Release|Any CPU
		{C40C69A1-CCCF-44E4-8725-DB2497209F6B}.Debug|Any CPU.ActiveCfg = Debug|Any CPU
		{C40C69A1-CCCF-44E4-8725-DB2497209F6B}.Debug|Any CPU.Build.0 = Debug|Any CPU
		{C40C69A1-CCCF-44E4-8725-DB2497209F6B}.Release|Any CPU.ActiveCfg = Release|Any CPU
		{C40C69A1-CCCF-44E4-8725-DB2497209F6B}.Release|Any CPU.Build.0 = Release|Any CPU
		{FC377786-B7EC-40A6-A08A-B8F8B3314F4A}.Debug|Any CPU.ActiveCfg = Debug|Any CPU
		{FC377786-B7EC-40A6-A08A-B8F8B3314F4A}.Debug|Any CPU.Build.0 = Debug|Any CPU
		{FC377786-B7EC-40A6-A08A-B8F8B3314F4A}.Release|Any CPU.ActiveCfg = Release|Any CPU
		{FC377786-B7EC-40A6-A08A-B8F8B3314F4A}.Release|Any CPU.Build.0 = Release|Any CPU
	EndGlobalSection
	GlobalSection(SolutionProperties) = preSolution
		HideSolutionNode = FALSE
	EndGlobalSection
	GlobalSection(ExtensibilityGlobals) = postSolution
		SolutionGuid = {1DAE693B-11AB-45C4-97CD-8B5922E44C86}
	EndGlobalSection
EndGlobal
